
Microsoft Visual Studio Solution File, Format Version 12.00
# Visual Studio Version 17
VisualStudioVersion = 17.14.36717.8 d17.14
MinimumVisualStudioVersion = 10.0.40219.1
Project("{FAE04EC0-301F-11D3-BF4B-00C04F79EFBC}") = "Proyecto Interfaces", "Proyecto Interfaces.csproj", "{44817A21-D7EF-4B48-B0DB-8B7D26BCB588}"
EndProject
Global
	GlobalSection(SolutionConfigurationPlatforms) = preSolution
		Debug|Any CPU = Debug|Any CPU
		Release|Any CPU = Release|Any CPU
	EndGlobalSection
	GlobalSection(ProjectConfigurationPlatforms) = postSolution
		{44817A21-D7EF-4B48-B0DB-8B7D26BCB588}.Debug|Any CPU.ActiveCfg = Debug|Any CPU
		{44817A21-D7EF-4B48-B0DB-8B7D26BCB588}.Debug|Any CPU.Build.0 = Debug|Any CPU
		{44817A21-D7EF-4B48-B0DB-8B7D26BCB588}.Release|Any CPU.ActiveCfg = Release|Any CPU
		{44817A21-D7EF-4B48-B0DB-8B7D26BCB588}.Release|Any CPU.Build.0 = Release|Any CPU
	EndGlobalSection
	GlobalSection(SolutionProperties) = preSolution
		HideSolutionNode = FALSE
	EndGlobalSection
	GlobalSection(ExtensibilityGlobals) = postSolution
		SolutionGuid = {8B6B2639-9462-4FAD-A33C-000EB98AA27E}
	EndGlobalSection
EndGlobal
